
Microsoft Visual Studio Solution File, Format Version 12.00
Project("{FAE04EC0-301F-11D3-BF4B-00C04F79EFBC}") = "Microsoft.AspNetCore.SpaServices.Preact", "Microsoft.AspNetCore.SpaServices.Preact\Microsoft.AspNetCore.SpaServices.Preact.csproj", "{FB865437-A9A6-404C-A04B-3E67AF1B89CE}"
EndProject
Project("{FAE04EC0-301F-11D3-BF4B-00C04F79EFBC}") = "Samples.TestApplication", "Samples\Samples.TestApplication\Samples.TestApplication.csproj", "{EDE4015A-DFCC-4FA3-93AD-4E381FFA2998}"
EndProject
Global
	GlobalSection(SolutionConfigurationPlatforms) = preSolution
		Debug|Any CPU = Debug|Any CPU
		Release|Any CPU = Release|Any CPU
	EndGlobalSection
	GlobalSection(ProjectConfigurationPlatforms) = postSolution
		{FB865437-A9A6-404C-A04B-3E67AF1B89CE}.Debug|Any CPU.ActiveCfg = Debug|Any CPU
		{FB865437-A9A6-404C-A04B-3E67AF1B89CE}.Debug|Any CPU.Build.0 = Debug|Any CPU
		{FB865437-A9A6-404C-A04B-3E67AF1B89CE}.Release|Any CPU.ActiveCfg = Release|Any CPU
		{FB865437-A9A6-404C-A04B-3E67AF1B89CE}.Release|Any CPU.Build.0 = Release|Any CPU
		{EDE4015A-DFCC-4FA3-93AD-4E381FFA2998}.Debug|Any CPU.ActiveCfg = Debug|Any CPU
		{EDE4015A-DFCC-4FA3-93AD-4E381FFA2998}.Debug|Any CPU.Build.0 = Debug|Any CPU
		{EDE4015A-DFCC-4FA3-93AD-4E381FFA2998}.Release|Any CPU.ActiveCfg = Release|Any CPU
		{EDE4015A-DFCC-4FA3-93AD-4E381FFA2998}.Release|Any CPU.Build.0 = Release|Any CPU
	EndGlobalSection
EndGlobal
